
Microsoft Visual Studio Solution File, Format Version 12.00
# Visual Studio Version 17
VisualStudioVersion = 17.7.34202.233
MinimumVisualStudioVersion = 10.0.40219.1
Project("{9A19103F-16F7-4668-BE54-9A1E7A4F7556}") = "Video_Games", "Video_Games.csproj", "{B572A14A-7B5B-4725-8883-D16A66CA4613}"
EndProject
Project("{9A19103F-16F7-4668-BE54-9A1E7A4F7556}") = "VideoGamesModel", "..\LibraryModel\VideoGamesModel.csproj", "{AD571991-B8BF-4937-872D-9DC2D996A7D2}"
EndProject
Global
	GlobalSection(SolutionConfigurationPlatforms) = preSolution
		Debug|Any CPU = Debug|Any CPU
		Release|Any CPU = Release|Any CPU
	EndGlobalSection
	GlobalSection(ProjectConfigurationPlatforms) = postSolution
		{B572A14A-7B5B-4725-8883-D16A66CA4613}.Debug|Any CPU.ActiveCfg = Debug|Any CPU
		{B572A14A-7B5B-4725-8883-D16A66CA4613}.Debug|Any CPU.Build.0 = Debug|Any CPU
		{B572A14A-7B5B-4725-8883-D16A66CA4613}.Release|Any CPU.ActiveCfg = Release|Any CPU
		{B572A14A-7B5B-4725-8883-D16A66CA4613}.Release|Any CPU.Build.0 = Release|Any CPU
		{AD571991-B8BF-4937-872D-9DC2D996A7D2}.Debug|Any CPU.ActiveCfg = Debug|Any CPU
		{AD571991-B8BF-4937-872D-9DC2D996A7D2}.Debug|Any CPU.Build.0 = Debug|Any CPU
		{AD571991-B8BF-4937-872D-9DC2D996A7D2}.Release|Any CPU.ActiveCfg = Release|Any CPU
		{AD571991-B8BF-4937-872D-9DC2D996A7D2}.Release|Any CPU.Build.0 = Release|Any CPU
	EndGlobalSection
	GlobalSection(SolutionProperties) = preSolution
		HideSolutionNode = FALSE
	EndGlobalSection
	GlobalSection(ExtensibilityGlobals) = postSolution
		SolutionGuid = {CC62B977-A3B3-4290-98EE-4C4398CC7F97}
	EndGlobalSection
EndGlobal
